// !$*UTF8*$!
{
	archiveVersion = 1;
	classes = {
	};
	objectVersion = 52;
	objects = {

/* Begin PBXBuildFile section */
		7D75B29625836A4700F82899 /* AppDelegate.swift in Sources */ = {isa = PBXBuildFile; fileRef = 7D75B29525836A4700F82899 /* AppDelegate.swift */; };
		7D75B29A25836A4700F82899 /* ViewController.swift in Sources */ = {isa = PBXBuildFile; fileRef = 7D75B29925836A4700F82899 /* ViewController.swift */; };
		7D75B29F25836A4900F82899 /* Assets.xcassets in Resources */ = {isa = PBXBuildFile; fileRef = 7D75B29E25836A4900F82899 /* Assets.xcassets */; };
		7D75B2A225836A4900F82899 /* LaunchScreen.storyboard in Resources */ = {isa = PBXBuildFile; fileRef = 7D75B2A025836A4900F82899 /* LaunchScreen.storyboard */; };
		7D75B2AC2583C3E400F82899 /* Then in Frameworks */ = {isa = PBXBuildFile; productRef = 7D75B2AB2583C3E400F82899 /* Then */; };
		7D75B2B02583C47000F82899 /* Cartography in Frameworks */ = {isa = PBXBuildFile; productRef = 7D75B2AF2583C47000F82899 /* Cartography */; };
/* End PBXBuildFile section */

/* Begin PBXFileReference section */
		7D75B29225836A4700F82899 /* LayoutPerformanceDemo.app */ = {isa = PBXFileReference; explicitFileType = wrapper.application; includeInIndex = 0; path = LayoutPerformanceDemo.app; sourceTree = BUILT_PRODUCTS_DIR; };
		7D75B29525836A4700F82899 /* AppDelegate.swift */ = {isa = PBXFileReference; lastKnownFileType = sourcecode.swift; path = AppDelegate.swift; sourceTree = "<group>"; };
		7D75B29925836A4700F82899 /* ViewController.swift */ = {isa = PBXFileReference; lastKnownFileType = sourcecode.swift; path = ViewController.swift; sourceTree = "<group>"; };
		7D75B29E25836A4900F82899 /* Assets.xcassets */ = {isa = PBXFileReference; lastKnownFileType = folder.assetcatalog; path = Assets.xcassets; sourceTree = "<group>"; };
		7D75B2A125836A4900F82899 /* Base */ = {isa = PBXFileReference; lastKnownFileType = file.storyboard; name = Base; path = Base.lproj/LaunchScreen.storyboard; sourceTree = "<group>"; };
		7D75B2A325836A4900F82899 /* Info.plist */ = {isa = PBXFileReference; lastKnownFileType = text.plist.xml; path = Info.plist; sourceTree = "<group>"; };
/* End PBXFileReference section */

/* Begin PBXFrameworksBuildPhase section */
		7D75B28F25836A4700F82899 /* Frameworks */ = {
			isa = PBXFrameworksBuildPhase;
			buildActionMask = 2147483647;
			files = (
				7D75B2AC2583C3E400F82899 /* Then in Frameworks */,
				7D75B2B02583C47000F82899 /* Cartography in Frameworks */,
			);
			runOnlyForDeploymentPostprocessing = 0;
		};
/* End PBXFrameworksBuildPhase section */

/* Begin PBXGroup section */
		7D75B28925836A4700F82899 = {
			isa = PBXGroup;
			children = (
				7D75B29425836A4700F82899 /* LayoutPerformanceDemo */,
				7D75B29325836A4700F82899 /* Products */,
			);
			sourceTree = "<group>";
		};
		7D75B29325836A4700F82899 /* Products */ = {
			isa = PBXGroup;
			children = (
				7D75B29225836A4700F82899 /* LayoutPerformanceDemo.app */,
			);
			name = Products;
			sourceTree = "<group>";
		};
		7D75B29425836A4700F82899 /* LayoutPerformanceDemo */ = {
			isa = PBXGroup;
			children = (
				7D75B29525836A4700F82899 /* AppDelegate.swift */,
				7D75B29E25836A4900F82899 /* Assets.xcassets */,
				7D75B2A325836A4900F82899 /* Info.plist */,
				7D75B2A025836A4900F82899 /* LaunchScreen.storyboard */,
				7D75B29925836A4700F82899 /* ViewController.swift */,
			);
			path = LayoutPerformanceDemo;
			sourceTree = "<group>";
		};
/* End PBXGroup section */

/* Begin PBXNativeTarget section */
		7D75B29125836A4700F82899 /* LayoutPerformanceDemo */ = {
			isa = PBXNativeTarget;
			buildConfigurationList = 7D75B2A625836A4900F82899 /* Build configuration list for PBXNativeTarget "LayoutPerformanceDemo" */;
			buildPhases = (
				7D75B28E25836A4700F82899 /* Sources */,
				7D75B28F25836A4700F82899 /* Frameworks */,
				7D75B29025836A4700F82899 /* Resources */,
				7D8AE41A25850ADA002A6389 /* SwiftLint */,
			);
			buildRules = (
			);
			dependencies = (
			);
			name = LayoutPerformanceDemo;
			packageProductDependencies = (
				7D75B2AB2583C3E400F82899 /* Then */,
				7D75B2AF2583C47000F82899 /* Cartography */,
			);
			productName = LayoutPerformanceDemo;
			productReference = 7D75B29225836A4700F82899 /* LayoutPerformanceDemo.app */;
			productType = "com.apple.product-type.application";
		};
/* End PBXNativeTarget section */

/* Begin PBXProject section */
		7D75B28A25836A4700F82899 /* Project object */ = {
			isa = PBXProject;
			attributes = {
				LastSwiftUpdateCheck = 1220;
				LastUpgradeCheck = 1220;
				TargetAttributes = {
					7D75B29125836A4700F82899 = {
						CreatedOnToolsVersion = 12.2;
					};
				};
			};
			buildConfigurationList = 7D75B28D25836A4700F82899 /* Build configuration list for PBXProject "LayoutPerformanceDemo" */;
			compatibilityVersion = "Xcode 9.3";
			developmentRegion = en;
			hasScannedForEncodings = 0;
			knownRegions = (
				en,
				Base,
			);
			mainGroup = 7D75B28925836A4700F82899;
			packageReferences = (
				7D75B2AA2583C3E400F82899 /* XCRemoteSwiftPackageReference "Then" */,
				7D75B2AE2583C47000F82899 /* XCRemoteSwiftPackageReference "Cartography" */,
			);
			productRefGroup = 7D75B29325836A4700F82899 /* Products */;
			projectDirPath = "";
			projectRoot = "";
			targets = (
				7D75B29125836A4700F82899 /* LayoutPerformanceDemo */,
			);
		};
/* End PBXProject section */

/* Begin PBXResourcesBuildPhase section */
		7D75B29025836A4700F82899 /* Resources */ = {
			isa = PBXResourcesBuildPhase;
			buildActionMask = 2147483647;
			files = (
				7D75B2A225836A4900F82899 /* LaunchScreen.storyboard in Resources */,
				7D75B29F25836A4900F82899 /* Assets.xcassets in Resources */,
			);
			runOnlyForDeploymentPostprocessing = 0;
		};
/* End PBXResourcesBuildPhase section */

/* Begin PBXShellScriptBuildPhase section */
		7D8AE41A25850ADA002A6389 /* SwiftLint */ = {
			isa = PBXShellScriptBuildPhase;
			buildActionMask = 2147483647;
			files = (
			);
			inputFileListPaths = (
			);
			inputPaths = (
			);
			name = SwiftLint;
			outputFileListPaths = (
			);
			outputPaths = (
			);
			runOnlyForDeploymentPostprocessing = 0;
			shellPath = /bin/sh;
			shellScript = "mint run swiftlint\n";
		};
/* End PBXShellScriptBuildPhase section */

/* Begin PBXSourcesBuildPhase section */
		7D75B28E25836A4700F82899 /* Sources */ = {
			isa = PBXSourcesBuildPhase;
			buildActionMask = 2147483647;
			files = (
				7D75B29A25836A4700F82899 /* ViewController.swift in Sources */,
				7D75B29625836A4700F82899 /* AppDelegate.swift in Sources */,
			);
			runOnlyForDeploymentPostprocessing = 0;
		};
/* End PBXSourcesBuildPhase section */

/* Begin PBXVariantGroup section */
		7D75B2A025836A4900F82899 /* LaunchScreen.storyboard */ = {
			isa = PBXVariantGroup;
			children = (
				7D75B2A125836A4900F82899 /* Base */,
			);
			name = LaunchScreen.storyboard;
			path = .;
			sourceTree = "<group>";
		};
/* End PBXVariantGroup section */

/* Begin XCBuildConfiguration section */
		7D75B2A425836A4900F82899 /* Debug */ = {
			isa = XCBuildConfiguration;
			buildSettings = {
				ALWAYS_SEARCH_USER_PATHS = NO;
				CLANG_ANALYZER_NONNULL = YES;
				CLANG_ANALYZER_NUMBER_OBJECT_CONVERSION = YES_AGGRESSIVE;
				CLANG_CXX_LANGUAGE_STANDARD = "gnu++14";
				CLANG_CXX_LIBRARY = "libc++";
				CLANG_ENABLE_MODULES = YES;
				CLANG_ENABLE_OBJC_ARC = YES;
				CLANG_ENABLE_OBJC_WEAK = YES;
				CLANG_WARN_BLOCK_CAPTURE_AUTORELEASING = YES;
				CLANG_WARN_BOOL_CONVERSION = YES;
				CLANG_WARN_COMMA = YES;
				CLANG_WARN_CONSTANT_CONVERSION = YES;
				CLANG_WARN_DEPRECATED_OBJC_IMPLEMENTATIONS = YES;
				CLANG_WARN_DIRECT_OBJC_ISA_USAGE = YES_ERROR;
				CLANG_WARN_DOCUMENTATION_COMMENTS = YES;
				CLANG_WARN_EMPTY_BODY = YES;
				CLANG_WARN_ENUM_CONVERSION = YES;
				CLANG_WARN_INFINITE_RECURSION = YES;
				CLANG_WARN_INT_CONVERSION = YES;
				CLANG_WARN_NON_LITERAL_NULL_CONVERSION = YES;
				CLANG_WARN_OBJC_IMPLICIT_RETAIN_SELF = YES;
				CLANG_WARN_OBJC_LITERAL_CONVERSION = YES;
				CLANG_WARN_OBJC_ROOT_CLASS = YES_ERROR;
				CLANG_WARN_QUOTED_INCLUDE_IN_FRAMEWORK_HEADER = YES;
				CLANG_WARN_RANGE_LOOP_ANALYSIS = YES;
				CLANG_WARN_STRICT_PROTOTYPES = YES;
				CLANG_WARN_SUSPICIOUS_MOVE = YES;
				CLANG_WARN_UNGUARDED_AVAILABILITY = YES_AGGRESSIVE;
				CLANG_WARN_UNREACHABLE_CODE = YES;
				CLANG_WARN__DUPLICATE_METHOD_MATCH = YES;
				COPY_PHASE_STRIP = NO;
				DEBUG_INFORMATION_FORMAT = dwarf;
				ENABLE_STRICT_OBJC_MSGSEND = YES;
				ENABLE_TESTABILITY = YES;
				GCC_C_LANGUAGE_STANDARD = gnu11;
				GCC_DYNAMIC_NO_PIC = NO;
				GCC_NO_COMMON_BLOCKS = YES;
				GCC_OPTIMIZATION_LEVEL = 0;
				GCC_PREPROCESSOR_DEFINITIONS = (
					"DEBUG=1",
					"$(inherited)",
				);
				GCC_WARN_64_TO_32_BIT_CONVERSION = YES;
				GCC_WARN_ABOUT_RETURN_TYPE = YES_ERROR;
				GCC_WARN_UNDECLARED_SELECTOR = YES;
				GCC_WARN_UNINITIALIZED_AUTOS = YES_AGGRESSIVE;
				GCC_WARN_UNUSED_FUNCTION = YES;
				GCC_WARN_UNUSED_VARIABLE = YES;
				IPHONEOS_DEPLOYMENT_TARGET = 14.2;
				MTL_ENABLE_DEBUG_INFO = INCLUDE_SOURCE;
				MTL_FAST_MATH = YES;
				ONLY_ACTIVE_ARCH = YES;
				SDKROOT = iphoneos;
				SWIFT_ACTIVE_COMPILATION_CONDITIONS = DEBUG;
				SWIFT_OPTIMIZATION_LEVEL = "-Onone";
			};
			name = Debug;
		};
		7D75B2A525836A4900F82899 /* Release */ = {
			isa = XCBuildConfiguration;
			buildSettings = {
				ALWAYS_SEARCH_USER_PATHS = NO;
				CLANG_ANALYZER_NONNULL = YES;
				CLANG_ANALYZER_NUMBER_OBJECT_CONVERSION = YES_AGGRESSIVE;
				CLANG_CXX_LANGUAGE_STANDARD = "gnu++14";
				CLANG_CXX_LIBRARY = "libc++";
				CLANG_ENABLE_MODULES = YES;
				CLANG_ENABLE_OBJC_ARC = YES;
				CLANG_ENABLE_OBJC_WEAK = YES;
				CLANG_WARN_BLOCK_CAPTURE_AUTORELEASING = YES;
				CLANG_WARN_BOOL_CONVERSION = YES;
				CLANG_WARN_COMMA = YES;
				CLANG_WARN_CONSTANT_CONVERSION = YES;
				CLANG_WARN_DEPRECATED_OBJC_IMPLEMENTATIONS = YES;
				CLANG_WARN_DIRECT_OBJC_ISA_USAGE = YES_ERROR;
				CLANG_WARN_DOCUMENTATION_COMMENTS = YES;
				CLANG_WARN_EMPTY_BODY = YES;
				CLANG_WARN_ENUM_CONVERSION = YES;
				CLANG_WARN_INFINITE_RECURSION = YES;
				CLANG_WARN_INT_CONVERSION = YES;
				CLANG_WARN_NON_LITERAL_NULL_CONVERSION = YES;
				CLANG_WARN_OBJC_IMPLICIT_RETAIN_SELF = YES;
				CLANG_WARN_OBJC_LITERAL_CONVERSION = YES;
				CLANG_WARN_OBJC_ROOT_CLASS = YES_ERROR;
				CLANG_WARN_QUOTED_INCLUDE_IN_FRAMEWORK_HEADER = YES;
				CLANG_WARN_RANGE_LOOP_ANALYSIS = YES;
				CLANG_WARN_STRICT_PROTOTYPES = YES;
				CLANG_WARN_SUSPICIOUS_MOVE = YES;
				CLANG_WARN_UNGUARDED_AVAILABILITY = YES_AGGRESSIVE;
				CLANG_WARN_UNREACHABLE_CODE = YES;
				CLANG_WARN__DUPLICATE_METHOD_MATCH = YES;
				COPY_PHASE_STRIP = NO;
				DEBUG_INFORMATION_FORMAT = "dwarf-with-dsym";
				ENABLE_NS_ASSERTIONS = NO;
				ENABLE_STRICT_OBJC_MSGSEND = YES;
				GCC_C_LANGUAGE_STANDARD = gnu11;
				GCC_NO_COMMON_BLOCKS = YES;
				GCC_WARN_64_TO_32_BIT_CONVERSION = YES;
				GCC_WARN_ABOUT_RETURN_TYPE = YES_ERROR;
				GCC_WARN_UNDECLARED_SELECTOR = YES;
				GCC_WARN_UNINITIALIZED_AUTOS = YES_AGGRESSIVE;
				GCC_WARN_UNUSED_FUNCTION = YES;
				GCC_WARN_UNUSED_VARIABLE = YES;
				IPHONEOS_DEPLOYMENT_TARGET = 14.2;
				MTL_ENABLE_DEBUG_INFO = NO;
				MTL_FAST_MATH = YES;
				SDKROOT = iphoneos;
				SWIFT_COMPILATION_MODE = wholemodule;
				SWIFT_OPTIMIZATION_LEVEL = "-O";
				VALIDATE_PRODUCT = YES;
			};
			name = Release;
		};
		7D75B2A725836A4900F82899 /* Debug */ = {
			isa = XCBuildConfiguration;
			buildSettings = {
				ASSETCATALOG_COMPILER_APPICON_NAME = AppIcon;
				ASSETCATALOG_COMPILER_GLOBAL_ACCENT_COLOR_NAME = AccentColor;
				CODE_SIGN_STYLE = Automatic;
				DEVELOPMENT_TEAM = X8VV494L8X;
				INFOPLIST_FILE = LayoutPerformanceDemo/Info.plist;
				LD_RUNPATH_SEARCH_PATHS = (
					"$(inherited)",
					"@executable_path/Frameworks",
				);
				PRODUCT_BUNDLE_IDENTIFIER = jp.funnything.LayoutPerformanceDemo;
				PRODUCT_NAME = "$(TARGET_NAME)";
				SWIFT_VERSION = 5.0;
				TARGETED_DEVICE_FAMILY = "1,2";
			};
			name = Debug;
		};
		7D75B2A825836A4900F82899 /* Release */ = {
			isa = XCBuildConfiguration;
			buildSettings = {
				ASSETCATALOG_COMPILER_APPICON_NAME = AppIcon;
				ASSETCATALOG_COMPILER_GLOBAL_ACCENT_COLOR_NAME = AccentColor;
				CODE_SIGN_STYLE = Automatic;
				DEVELOPMENT_TEAM = X8VV494L8X;
				INFOPLIST_FILE = LayoutPerformanceDemo/Info.plist;
				LD_RUNPATH_SEARCH_PATHS = (
					"$(inherited)",
					"@executable_path/Frameworks",
				);
				PRODUCT_BUNDLE_IDENTIFIER = jp.funnything.LayoutPerformanceDemo;
				PRODUCT_NAME = "$(TARGET_NAME)";
				SWIFT_VERSION = 5.0;
				TARGETED_DEVICE_FAMILY = "1,2";
			};
			name = Release;
		};
/* End XCBuildConfiguration section */

/* Begin XCConfigurationList section */
		7D75B28D25836A4700F82899 /* Build configuration list for PBXProject "LayoutPerformanceDemo" */ = {
			isa = XCConfigurationList;
			buildConfigurations = (
				7D75B2A425836A4900F82899 /* Debug */,
				7D75B2A525836A4900F82899 /* Release */,
			);
			defaultConfigurationIsVisible = 0;
			defaultConfigurationName = Release;
		};
		7D75B2A625836A4900F82899 /* Build configuration list for PBXNativeTarget "LayoutPerformanceDemo" */ = {
			isa = XCConfigurationList;
			buildConfigurations = (
				7D75B2A725836A4900F82899 /* Debug */,
				7D75B2A825836A4900F82899 /* Release */,
			);
			defaultConfigurationIsVisible = 0;
			defaultConfigurationName = Release;
		};
/* End XCConfigurationList section */

/* Begin XCRemoteSwiftPackageReference section */
		7D75B2AA2583C3E400F82899 /* XCRemoteSwiftPackageReference "Then" */ = {
			isa = XCRemoteSwiftPackageReference;
			repositoryURL = "git@github.com:devxoul/Then.git";
			requirement = {
				kind = upToNextMajorVersion;
				minimumVersion = 2.7.0;
			};
		};
		7D75B2AE2583C47000F82899 /* XCRemoteSwiftPackageReference "Cartography" */ = {
			isa = XCRemoteSwiftPackageReference;
			repositoryURL = "git@github.com:robb/Cartography.git";
			requirement = {
				kind = upToNextMajorVersion;
				minimumVersion = 4.0.0;
			};
		};
/* End XCRemoteSwiftPackageReference section */

/* Begin XCSwiftPackageProductDependency section */
		7D75B2AB2583C3E400F82899 /* Then */ = {
			isa = XCSwiftPackageProductDependency;
			package = 7D75B2AA2583C3E400F82899 /* XCRemoteSwiftPackageReference "Then" */;
			productName = Then;
		};
		7D75B2AF2583C47000F82899 /* Cartography */ = {
			isa = XCSwiftPackageProductDependency;
			package = 7D75B2AE2583C47000F82899 /* XCRemoteSwiftPackageReference "Cartography" */;
			productName = Cartography;
		};
/* End XCSwiftPackageProductDependency section */
	};
	rootObject = 7D75B28A25836A4700F82899 /* Project object */;
}
